
Microsoft Visual Studio Solution File, Format Version 12.00
# Visual Studio Version 16
VisualStudioVersion = 16.0.31105.61
MinimumVisualStudioVersion = 10.0.40219.1
Project("{FAE04EC0-301F-11D3-BF4B-00C04F79EFBC}") = "BubbleSort", "BubbleSort\BubbleSort.csproj", "{2283CE4D-A99C-4FDF-83DC-F331EA43FC41}"
EndProject
Project("{FAE04EC0-301F-11D3-BF4B-00C04F79EFBC}") = "BubbleGoesUpDown", "BubbleGoesUpDown\BubbleGoesUpDown.csproj", "{C7CA9998-A89C-4A4D-8E5D-5434F0B747D7}"
EndProject
Project("{FAE04EC0-301F-11D3-BF4B-00C04F79EFBC}") = "BinarySearch", "BinarySearch\BinarySearch.csproj", "{C0CC4E61-7F46-4404-A6AC-271A87AC1C03}"
EndProject
Project("{FAE04EC0-301F-11D3-BF4B-00C04F79EFBC}") = "SelectionSort", "SelectionSort\SelectionSort.csproj", "{02AE1EF7-E910-48D0-B6C9-8E6AB4B3A3F7}"
EndProject
Project("{FAE04EC0-301F-11D3-BF4B-00C04F79EFBC}") = "InsertionSort", "InsertionSort\InsertionSort.csproj", "{C2A5ECF7-A526-44C3-AB85-C6E7C0DE0364}"
EndProject
Global
	GlobalSection(SolutionConfigurationPlatforms) = preSolution
		Debug|Any CPU = Debug|Any CPU
		Release|Any CPU = Release|Any CPU
	EndGlobalSection
	GlobalSection(ProjectConfigurationPlatforms) = postSolution
		{2283CE4D-A99C-4FDF-83DC-F331EA43FC41}.Debug|Any CPU.ActiveCfg = Debug|Any CPU
		{2283CE4D-A99C-4FDF-83DC-F331EA43FC41}.Debug|Any CPU.Build.0 = Debug|Any CPU
		{2283CE4D-A99C-4FDF-83DC-F331EA43FC41}.Release|Any CPU.ActiveCfg = Release|Any CPU
		{2283CE4D-A99C-4FDF-83DC-F331EA43FC41}.Release|Any CPU.Build.0 = Release|Any CPU
		{C7CA9998-A89C-4A4D-8E5D-5434F0B747D7}.Debug|Any CPU.ActiveCfg = Debug|Any CPU
		{C7CA9998-A89C-4A4D-8E5D-5434F0B747D7}.Debug|Any CPU.Build.0 = Debug|Any CPU
		{C7CA9998-A89C-4A4D-8E5D-5434F0B747D7}.Release|Any CPU.ActiveCfg = Release|Any CPU
		{C7CA9998-A89C-4A4D-8E5D-5434F0B747D7}.Release|Any CPU.Build.0 = Release|Any CPU
		{C0CC4E61-7F46-4404-A6AC-271A87AC1C03}.Debug|Any CPU.ActiveCfg = Debug|Any CPU
		{C0CC4E61-7F46-4404-A6AC-271A87AC1C03}.Debug|Any CPU.Build.0 = Debug|Any CPU
		{C0CC4E61-7F46-4404-A6AC-271A87AC1C03}.Release|Any CPU.ActiveCfg = Release|Any CPU
		{C0CC4E61-7F46-4404-A6AC-271A87AC1C03}.Release|Any CPU.Build.0 = Release|Any CPU
		{02AE1EF7-E910-48D0-B6C9-8E6AB4B3A3F7}.Debug|Any CPU.ActiveCfg = Debug|Any CPU
		{02AE1EF7-E910-48D0-B6C9-8E6AB4B3A3F7}.Debug|Any CPU.Build.0 = Debug|Any CPU
		{02AE1EF7-E910-48D0-B6C9-8E6AB4B3A3F7}.Release|Any CPU.ActiveCfg = Release|Any CPU
		{02AE1EF7-E910-48D0-B6C9-8E6AB4B3A3F7}.Release|Any CPU.Build.0 = Release|Any CPU
		{C2A5ECF7-A526-44C3-AB85-C6E7C0DE0364}.Debug|Any CPU.ActiveCfg = Debug|Any CPU
		{C2A5ECF7-A526-44C3-AB85-C6E7C0DE0364}.Debug|Any CPU.Build.0 = Debug|Any CPU
		{C2A5ECF7-A526-44C3-AB85-C6E7C0DE0364}.Release|Any CPU.ActiveCfg = Release|Any CPU
		{C2A5ECF7-A526-44C3-AB85-C6E7C0DE0364}.Release|Any CPU.Build.0 = Release|Any CPU
	EndGlobalSection
	GlobalSection(SolutionProperties) = preSolution
		HideSolutionNode = FALSE
	EndGlobalSection
	GlobalSection(ExtensibilityGlobals) = postSolution
		SolutionGuid = {F1270D97-4EA2-4191-91EC-167B417A5B69}
	EndGlobalSection
EndGlobal
